
Microsoft Visual Studio Solution File, Format Version 12.00
# Visual Studio 2012
Project("{FAE04EC0-301F-11D3-BF4B-00C04F79EFBC}") = "Repertoire", "Repertoire\Repertoire.csproj", "{80F65C86-B112-4156-8E04-AAAD54FA335B}"
EndProject
Global
	GlobalSection(SolutionConfigurationPlatforms) = preSolution
		Debug|Any CPU = Debug|Any CPU
		Release|Any CPU = Release|Any CPU
	EndGlobalSection
	GlobalSection(ProjectConfigurationPlatforms) = postSolution
		{80F65C86-B112-4156-8E04-AAAD54FA335B}.Debug|Any CPU.ActiveCfg = Debug|Any CPU
		{80F65C86-B112-4156-8E04-AAAD54FA335B}.Debug|Any CPU.Build.0 = Debug|Any CPU
		{80F65C86-B112-4156-8E04-AAAD54FA335B}.Release|Any CPU.ActiveCfg = Release|Any CPU
		{80F65C86-B112-4156-8E04-AAAD54FA335B}.Release|Any CPU.Build.0 = Release|Any CPU
	EndGlobalSection
	GlobalSection(SolutionProperties) = preSolution
		HideSolutionNode = FALSE
	EndGlobalSection
EndGlobal
